{
  "name": "rescue-leftover-cuisine",
  "requires": true,
  "lockfileVersion": 1,
  "dependencies": {
    "react-collapsible": {
      "version": "2.6.0",
      "resolved": "https://registry.npmjs.org/react-collapsible/-/react-collapsible-2.6.0.tgz",
      "integrity": "sha512-r4JSoqh3C3sUIzEr9eXtDC4WPNZsOffO1EeA3ZvyS7JeDIOwmfov9p/380XyewFhqW2B8MHY8IHQ2x1HH5PTxQ=="
    }
  }
}
